
Microsoft Visual Studio Solution File, Format Version 12.00
# Visual Studio Version 16
VisualStudioVersion = 16.0.31515.178
MinimumVisualStudioVersion = 10.0.40219.1
Project("{FAE04EC0-301F-11D3-BF4B-00C04F79EFBC}") = "senai_romanWebApi", "senai_romanWebApi\senai_romanWebApi.csproj", "{B6DAB991-16C8-4005-ABEB-B52E1344145F}"
EndProject
Global
	GlobalSection(SolutionConfigurationPlatforms) = preSolution
		Debug|Any CPU = Debug|Any CPU
		Release|Any CPU = Release|Any CPU
	EndGlobalSection
	GlobalSection(ProjectConfigurationPlatforms) = postSolution
		{B6DAB991-16C8-4005-ABEB-B52E1344145F}.Debug|Any CPU.ActiveCfg = Debug|Any CPU
		{B6DAB991-16C8-4005-ABEB-B52E1344145F}.Debug|Any CPU.Build.0 = Debug|Any CPU
		{B6DAB991-16C8-4005-ABEB-B52E1344145F}.Release|Any CPU.ActiveCfg = Release|Any CPU
		{B6DAB991-16C8-4005-ABEB-B52E1344145F}.Release|Any CPU.Build.0 = Release|Any CPU
	EndGlobalSection
	GlobalSection(SolutionProperties) = preSolution
		HideSolutionNode = FALSE
	EndGlobalSection
	GlobalSection(ExtensibilityGlobals) = postSolution
		SolutionGuid = {360DD344-81AB-4F72-B5B4-4DE298FB4936}
	EndGlobalSection
EndGlobal
